
Microsoft Visual Studio Solution File, Format Version 12.00
# Visual Studio Version 17
VisualStudioVersion = 17.11.35327.3
MinimumVisualStudioVersion = 10.0.40219.1
Project("{FAE04EC0-301F-11D3-BF4B-00C04F79EFBC}") = "SongLibrary", "SongLibrary\SongLibrary.csproj", "{8D3418F0-8890-47E3-82D2-5B6EFC5DA6A1}"
EndProject
Global
	GlobalSection(SolutionConfigurationPlatforms) = preSolution
		Debug|Any CPU = Debug|Any CPU
		Release|Any CPU = Release|Any CPU
	EndGlobalSection
	GlobalSection(ProjectConfigurationPlatforms) = postSolution
		{8D3418F0-8890-47E3-82D2-5B6EFC5DA6A1}.Debug|Any CPU.ActiveCfg = Debug|Any CPU
		{8D3418F0-8890-47E3-82D2-5B6EFC5DA6A1}.Debug|Any CPU.Build.0 = Debug|Any CPU
		{8D3418F0-8890-47E3-82D2-5B6EFC5DA6A1}.Release|Any CPU.ActiveCfg = Release|Any CPU
		{8D3418F0-8890-47E3-82D2-5B6EFC5DA6A1}.Release|Any CPU.Build.0 = Release|Any CPU
	EndGlobalSection
	GlobalSection(SolutionProperties) = preSolution
		HideSolutionNode = FALSE
	EndGlobalSection
	GlobalSection(ExtensibilityGlobals) = postSolution
		SolutionGuid = {BD00EB87-C1AB-480E-9F98-F0EE90185C15}
	EndGlobalSection
EndGlobal
